
Microsoft Visual Studio Solution File, Format Version 12.00
# Visual Studio Version 17
VisualStudioVersion = 17.4.33122.133
MinimumVisualStudioVersion = 10.0.40219.1
Project("{FAE04EC0-301F-11D3-BF4B-00C04F79EFBC}") = "BookMyTickets", "BookMyTickets\BookMyTickets.csproj", "{8DCEBEE4-14AF-4436-9DEC-66E28C340899}"
EndProject
Global
	GlobalSection(SolutionConfigurationPlatforms) = preSolution
		Debug|Any CPU = Debug|Any CPU
		Release|Any CPU = Release|Any CPU
	EndGlobalSection
	GlobalSection(ProjectConfigurationPlatforms) = postSolution
		{8DCEBEE4-14AF-4436-9DEC-66E28C340899}.Debug|Any CPU.ActiveCfg = Debug|Any CPU
		{8DCEBEE4-14AF-4436-9DEC-66E28C340899}.Debug|Any CPU.Build.0 = Debug|Any CPU
		{8DCEBEE4-14AF-4436-9DEC-66E28C340899}.Release|Any CPU.ActiveCfg = Release|Any CPU
		{8DCEBEE4-14AF-4436-9DEC-66E28C340899}.Release|Any CPU.Build.0 = Release|Any CPU
	EndGlobalSection
	GlobalSection(SolutionProperties) = preSolution
		HideSolutionNode = FALSE
	EndGlobalSection
	GlobalSection(ExtensibilityGlobals) = postSolution
		SolutionGuid = {502F1896-1DF2-473F-87FA-27A2FFDE053A}
	EndGlobalSection
EndGlobal
